
Microsoft Visual Studio Solution File, Format Version 12.00
# Visual Studio Version 16
VisualStudioVersion = 16.0.34301.259
MinimumVisualStudioVersion = 10.0.40219.1
Project("{8BC9CEB8-8B4A-11D0-8D11-00A0C91BC942}") = "CppCLR_WinformsProjekt1", "CppCLR_WinformsProjekt1\CppCLR_WinformsProjekt1.vcxproj", "{2352CB2C-D981-4073-AC70-94BFAAF809F6}"
EndProject
Project("{54435603-DBB4-11D2-8724-00A0C9A8B90C}") = "Setup", "Setup\Setup.vdproj", "{87F6D236-2ED0-4CEC-869D-F733AEA681BE}"
EndProject
Global
	GlobalSection(SolutionConfigurationPlatforms) = preSolution
		Debug|x64 = Debug|x64
		Debug|x86 = Debug|x86
		Release|x64 = Release|x64
		Release|x86 = Release|x86
	EndGlobalSection
	GlobalSection(ProjectConfigurationPlatforms) = postSolution
		{2352CB2C-D981-4073-AC70-94BFAAF809F6}.Debug|x64.ActiveCfg = Debug|x64
		{2352CB2C-D981-4073-AC70-94BFAAF809F6}.Debug|x64.Build.0 = Debug|x64
		{2352CB2C-D981-4073-AC70-94BFAAF809F6}.Debug|x86.ActiveCfg = Debug|Win32
		{2352CB2C-D981-4073-AC70-94BFAAF809F6}.Debug|x86.Build.0 = Debug|Win32
		{2352CB2C-D981-4073-AC70-94BFAAF809F6}.Release|x64.ActiveCfg = Release|x64
		{2352CB2C-D981-4073-AC70-94BFAAF809F6}.Release|x64.Build.0 = Release|x64
		{2352CB2C-D981-4073-AC70-94BFAAF809F6}.Release|x86.ActiveCfg = Release|Win32
		{2352CB2C-D981-4073-AC70-94BFAAF809F6}.Release|x86.Build.0 = Release|Win32
		{87F6D236-2ED0-4CEC-869D-F733AEA681BE}.Debug|x64.ActiveCfg = Debug
		{87F6D236-2ED0-4CEC-869D-F733AEA681BE}.Debug|x86.ActiveCfg = Debug
		{87F6D236-2ED0-4CEC-869D-F733AEA681BE}.Release|x64.ActiveCfg = Release
		{87F6D236-2ED0-4CEC-869D-F733AEA681BE}.Release|x86.ActiveCfg = Release
	EndGlobalSection
	GlobalSection(SolutionProperties) = preSolution
		HideSolutionNode = FALSE
	EndGlobalSection
	GlobalSection(ExtensibilityGlobals) = postSolution
		SolutionGuid = {F512E4F2-4B62-4986-BE60-B2D92006551D}
	EndGlobalSection
EndGlobal
